
Microsoft Visual Studio Solution File, Format Version 12.00
# Visual Studio Version 17
VisualStudioVersion = 17.14.36915.13 d17.14
MinimumVisualStudioVersion = 10.0.40219.1
Project("{FAE04EC0-301F-11D3-BF4B-00C04F79EFBC}") = "Backend", "Backend.csproj", "{F4D85628-AAD3-43D4-BD23-9D71553AF3B2}"
EndProject
Global
	GlobalSection(SolutionConfigurationPlatforms) = preSolution
		Debug|Any CPU = Debug|Any CPU
		Release|Any CPU = Release|Any CPU
	EndGlobalSection
	GlobalSection(ProjectConfigurationPlatforms) = postSolution
		{F4D85628-AAD3-43D4-BD23-9D71553AF3B2}.Debug|Any CPU.ActiveCfg = Debug|Any CPU
		{F4D85628-AAD3-43D4-BD23-9D71553AF3B2}.Debug|Any CPU.Build.0 = Debug|Any CPU
		{F4D85628-AAD3-43D4-BD23-9D71553AF3B2}.Release|Any CPU.ActiveCfg = Release|Any CPU
		{F4D85628-AAD3-43D4-BD23-9D71553AF3B2}.Release|Any CPU.Build.0 = Release|Any CPU
	EndGlobalSection
	GlobalSection(SolutionProperties) = preSolution
		HideSolutionNode = FALSE
	EndGlobalSection
	GlobalSection(ExtensibilityGlobals) = postSolution
		SolutionGuid = {BBB17935-A5B3-4407-885A-00DF9A67E01B}
	EndGlobalSection
EndGlobal
