Microsoft Visual Studio Solution File, Format Version 12.00
# Visual Studio Version 17
VisualStudioVersion = 17.5.2.0
MinimumVisualStudioVersion = 10.0.40219.1
Project("{FAE04EC0-301F-11D3-BF4B-00C04F79EFBC}") = "BadmintonShop.Api", "BadmintonShop.Api.csproj", "{D75D0415-1F63-0006-8C2D-268A8BE3825A}"
EndProject
Global
	GlobalSection(SolutionConfigurationPlatforms) = preSolution
		Debug|Any CPU = Debug|Any CPU
		Release|Any CPU = Release|Any CPU
	EndGlobalSection
	GlobalSection(ProjectConfigurationPlatforms) = postSolution
		{D75D0415-1F63-0006-8C2D-268A8BE3825A}.Debug|Any CPU.ActiveCfg = Debug|Any CPU
		{D75D0415-1F63-0006-8C2D-268A8BE3825A}.Debug|Any CPU.Build.0 = Debug|Any CPU
		{D75D0415-1F63-0006-8C2D-268A8BE3825A}.Release|Any CPU.ActiveCfg = Release|Any CPU
		{D75D0415-1F63-0006-8C2D-268A8BE3825A}.Release|Any CPU.Build.0 = Release|Any CPU
	EndGlobalSection
	GlobalSection(SolutionProperties) = preSolution
		HideSolutionNode = FALSE
	EndGlobalSection
	GlobalSection(ExtensibilityGlobals) = postSolution
		SolutionGuid = {F94CB61C-12B9-41BF-8684-A1D782D9E548}
	EndGlobalSection
EndGlobal
